
Microsoft Visual Studio Solution File, Format Version 12.00
# Visual Studio Version 17
VisualStudioVersion = 17.11.35327.3
MinimumVisualStudioVersion = 10.0.40219.1
Project("{2150E333-8FDC-42A3-9474-1A3956D46DE8}") = "src", "src", "{9A58E8B1-8907-46B2-AEE0-6DAB8D7EEBBB}"
EndProject
Project("{2150E333-8FDC-42A3-9474-1A3956D46DE8}") = "tests", "tests", "{3113CB14-8ABA-477E-A3E8-A438635D89B7}"
EndProject
Project("{FAE04EC0-301F-11D3-BF4B-00C04F79EFBC}") = "ProjectEuler", "src\ProjectEuler\ProjectEuler.csproj", "{C5710157-B9AE-49EA-8B37-917CAB3562CD}"
EndProject
Global
	GlobalSection(SolutionConfigurationPlatforms) = preSolution
		Debug|Any CPU = Debug|Any CPU
		Release|Any CPU = Release|Any CPU
	EndGlobalSection
	GlobalSection(ProjectConfigurationPlatforms) = postSolution
		{C5710157-B9AE-49EA-8B37-917CAB3562CD}.Debug|Any CPU.ActiveCfg = Debug|Any CPU
		{C5710157-B9AE-49EA-8B37-917CAB3562CD}.Debug|Any CPU.Build.0 = Debug|Any CPU
		{C5710157-B9AE-49EA-8B37-917CAB3562CD}.Release|Any CPU.ActiveCfg = Release|Any CPU
		{C5710157-B9AE-49EA-8B37-917CAB3562CD}.Release|Any CPU.Build.0 = Release|Any CPU
	EndGlobalSection
	GlobalSection(SolutionProperties) = preSolution
		HideSolutionNode = FALSE
	EndGlobalSection
	GlobalSection(NestedProjects) = preSolution
		{C5710157-B9AE-49EA-8B37-917CAB3562CD} = {9A58E8B1-8907-46B2-AEE0-6DAB8D7EEBBB}
	EndGlobalSection
	GlobalSection(ExtensibilityGlobals) = postSolution
		SolutionGuid = {BEAA32D5-211D-4A88-979C-D09D4A7C4462}
	EndGlobalSection
EndGlobal
